version = 1
revision = 3
requires-python = ">=3.14"

[[package]]
name = "colorama"
version = "0.4.6"
source = { registry = "https://pypi.org/simple" }
sdist = { url = "https://files.pythonhosted.org/packages/d8/53/6f443c9a4a8358a93a6792e2acffb9d9d5cb0a5cfd8802644b7b1c9a02e4/colorama-0.4.6.tar.gz", hash = "sha256:08695f5cb7ed6e0531a20572697297273c47b8cae5a63ffc6d6ed5c201be6e44", size = 27697, upload-time = "2022-10-25T02:36:22.414Z" }
wheels = [
    { url = "https://files.pythonhosted.org/packages/d1/d6/3965ed04c63042e047cb6a3e6ed1a63a35087b6a609aa3a15ed8ac56c221/colorama-0.4.6-py2.py3-none-any.whl", hash = "sha256:4f1d9991f5acc0ca119f9d443620b77f9d6b33703e51011c16baf57afb285fc6", size = 25335, upload-time = "2022-10-25T02:36:20.889Z" },
]

[[package]]
name = "env-factory"
version = "0.1.0"
source = { editable = "." }
dependencies = [
    { name = "ijson" },
    { name = "neo4j" },
    { name = "openpyxl" },
    { name = "pyarrow" },
    { name = "python-dotenv" },
]

[package.dev-dependencies]
dev = [
    { name = "pytest" },
]

[package.metadata]
requires-dist = [
    { name = "ijson", specifier = ">=3.4.0" },
    { name = "neo4j", specifier = ">=6.0.0" },
    { name = "openpyxl", specifier = ">=3.1.0" },
    { name = "pyarrow", specifier = ">=20.0.0" },
    { name = "python-dotenv", specifier = ">=1.1.0" },
]

[package.metadata.requires-dev]
dev = [{ name = "pytest", specifier = ">=9.1.1" }]

[[package]]
name = "et-xmlfile"
version = "2.0.0"
source = { registry = "https://pypi.org/simple" }
sdist = { url = "https://files.pythonhosted.org/packages/d3/38/af70d7ab1ae9d4da450eeec1fa3918940a5fafb9055e934af8d6eb0c2313/et_xmlfile-2.0.0.tar.gz", hash = "sha256:dab3f4764309081ce75662649be815c4c9081e88f0837825f90fd28317d4da54", size = 17234, upload-time = "2024-10-25T17:25:40.039Z" }
wheels = [
    { url = "https://files.pythonhosted.org/packages/c1/8b/5fe2cc11fee489817272089c4203e679c63b570a5aaeb18d852ae3cbba6a/et_xmlfile-2.0.0-py3-none-any.whl", hash = "sha256:7a91720bc756843502c3b7504c77b8fe44217c85c537d85037f0f536151b2caa", size = 18059, upload-time = "2024-10-25T17:25:39.051Z" },
]

[[package]]
name = "ijson"
version = "3.5.1"
source = { registry = "https://pypi.org/simple" }
sdist = { url = "https://files.pythonhosted.org/packages/3a/06/b31f040a8764336a11152e474a7abcb3782fedb0d1cdf78f442b82878c56/ijson-3.5.1.tar.gz", hash = "sha256:af40bd1a85f55db0b8b30715c858761306bd92d5590148636f75c3309e6e76bd", size = 69913, upload-time = "2026-07-06T17:37:42.923Z" }
wheels = [
    { url = "https://files.pythonhosted.org/packages/f9/17/54f9180c0da9a9e96e5b3791bc74093f029a2344678b4da218c2699465bf/ijson-3.5.1-cp314-cp314-macosx_10_15_universal2.whl", hash = "sha256:21e1a250b254edba2f0dd7272a4c56f0a879aabe328d9e306dd1fc115f560e74", size = 89223, upload-time = "2026-07-06T17:36:55.534Z" },
    { url = "https://files.pythonhosted.org/packages/09/70/0ee0d2627c534174455a745ca25284797e71b0d6e2b2a1b31cc914e7b462/ijson-3.5.1-cp314-cp314-macosx_10_15_x86_64.whl", hash = "sha256:e01f95433725e2df62d682ff88e4a57bb694385ff2362bc364adec961167ae04", size = 60831, upload-time = "2026-07-06T17:36:56.554Z" },
    { url = "https://files.pythonhosted.org/packages/8d/e6/56f64ba7a3e7a25d9a9fbbeb4c30597d6b76c1094cc2041d11a3224b562c/ijson-3.5.1-cp314-cp314-macosx_11_0_arm64.whl", hash = "sha256:539e8d6cca079bcbb68c390e55148f908e0a943a34f7dd321248637c6272adca", size = 60752, upload-time = "2026-07-06T17:36:57.826Z" },
    { url = "https://files.pythonhosted.org/packages/3e/2b/5a55db881f1b043cd6d5716578937a60ac16348be1a3afbf846b21cf4b44/ijson-3.5.1-cp314-cp314-manylinux1_i686.manylinux_2_28_i686.manylinux_2_5_i686.whl", hash = "sha256:32f64051be2f990d8ae7b614b5abdf4a7bead510ce3666568d7403c6c46ce4d8", size = 140783, upload-time = "2026-07-06T17:36:58.984Z" },
    { url = "https://files.pythonhosted.org/packages/2e/61/f7783cc18672dc31544141139efd187fb34795d24e573fed6abea6b776c7/ijson-3.5.1-cp314-cp314-manylinux2014_aarch64.manylinux_2_17_aarch64.manylinux_2_28_aarch64.whl", hash = "sha256:cd0dfc5a788d0b0c2f1eab258b9dabdeefc631ca8ef87644a999f633b0b2555a", size = 149976, upload-time = "2026-07-06T17:37:00.235Z" },
    { url = "https://files.pythonhosted.org/packages/5f/d6/4182dd63b6b70eae4f5208c53558a050895a40734dff283463033c153742/ijson-3.5.1-cp314-cp314-manylinux2014_x86_64.manylinux_2_17_x86_64.manylinux_2_28_x86_64.whl", hash = "sha256:42bfda7858d99ee9777ec28cb6d347928249eefeb577f9b0a67503c18f7ebb6a", size = 149317, upload-time = "2026-07-06T17:37:01.476Z" },
    { url = "https://files.pythonhosted.org/packages/01/b1/a675e4a9b428a0ef556e7d718bf0e6885e3e5543042248a1a7030899a3d4/ijson-3.5.1-cp314-cp314-musllinux_1_2_aarch64.whl", hash = "sha256:c4b9a28e9719d1aebebe93ad8dc2ba87f4e2d9035043b196c1c07ef8530b44cc", size = 150555, upload-time = "2026-07-06T17:37:02.676Z" },
    { url = "https://files.pythonhosted.org/packages/b5/69/52686f56b44af63a93c3dc3f5bcfa07f87427d9aea4d2cbe3e1c94188c74/ijson-3.5.1-cp314-cp314-musllinux_1_2_i686.whl", hash = "sha256:9a0b25c750a6bde14a0b31f1dcbfc86368e50767e3eaa73bb138e54128055edd", size = 144485, upload-time = "2026-07-06T17:37:03.779Z" },
    { url = "https://files.pythonhosted.org/packages/f0/46/10554e817dde56300a8414e52c0f5a44a29f3440327cd6d829ece57759b3/ijson-3.5.1-cp314-cp314-musllinux_1_2_x86_64.whl", hash = "sha256:bd756f7b22df745ac14b7bc2ab9ed7c190a222e4c8e1bef26ef1162af8e54d0f", size = 151470, upload-time = "2026-07-06T17:37:04.901Z" },
    { url = "https://files.pythonhosted.org/packages/91/82/f37cbb110b48abdb623d169d0e196f2f6e064e2c20fa789ecde6e69b0440/ijson-3.5.1-cp314-cp314-win32.whl", hash = "sha256:e035cdfb2a1446b13881f0dfc0eecd1541cbb17a27a938ded2160ae6ce25051b", size = 53219, upload-time = "2026-07-06T17:37:06.254Z" },
    { url = "https://files.pythonhosted.org/packages/00/58/792df8f001c246c8ff28f860de81d35ea0d797c0d3276c22a2af83089656/ijson-3.5.1-cp314-cp314-win_amd64.whl", hash = "sha256:eeb2fb2daa5dd30326f93db465d0855b34aa6b1f52a7c0ff94522aec5ad57dfb", size = 55485, upload-time = "2026-07-06T17:37:07.242Z" },
    { url = "https://files.pythonhosted.org/packages/c0/3c/db3ccc22c09ed4738787e8d82fff76101aa81ec8de7eaf6572e065e012d3/ijson-3.5.1-cp314-cp314-win_arm64.whl", hash = "sha256:a96ab35d7ce2129dfde49c4c807596443410e260d7f7a4ca8fe4d0035553b589", size = 54390, upload-time = "2026-07-06T17:37:08.497Z" },
    { url = "https://files.pythonhosted.org/packages/26/59/eefa5d9488250c03f24152576804205ae40e29cac0dc65cbbc5f3d422008/ijson-3.5.1-cp314-cp314t-macosx_10_15_universal2.whl", hash = "sha256:77b68e91f95fb16ac2e7819903cd545db6cffa308c28833cc34911e6b21e91dd", size = 93177, upload-time = "2026-07-06T17:37:09.71Z" },
    { url = "https://files.pythonhosted.org/packages/88/db/6329eb7bb9f1906c1906fc10e7074b8f08bf39b7d50baa58f1b597d48898/ijson-3.5.1-cp314-cp314t-macosx_10_15_x86_64.whl", hash = "sha256:94a95065b1ac67602af0cec852b07505abc37b77e3774d1c801d935d05e48f82", size = 62891, upload-time = "2026-07-06T17:37:10.735Z" },
    { url = "https://files.pythonhosted.org/packages/fc/d0/b3beddb96eef0b20bb9902c36e4de30f145be06d7e5e1d780e1a1689d0ce/ijson-3.5.1-cp314-cp314t-macosx_11_0_arm64.whl", hash = "sha256:b70b5da6b0571da8f601a437c4fba2d35bc27739637d85f3acdc8f88916ce68e", size = 62575, upload-time = "2026-07-06T17:37:11.681Z" },
    { url = "https://files.pythonhosted.org/packages/5b/01/95f3a7c27d25bb917954ef0c8e86d0e60f585b9db675cbd05d355f54cce8/ijson-3.5.1-cp314-cp314t-manylinux1_i686.manylinux_2_28_i686.manylinux_2_5_i686.whl", hash = "sha256:0ade373dd765b057b1dec05d7711bfeb5a36f1e825259466d9f545cfd8ef3ba3", size = 200568, upload-time = "2026-07-06T17:37:12.743Z" },
    { url = "https://files.pythonhosted.org/packages/77/61/c94ee4ea1f22318aab9a49b35d0ce8ac87dd24d508ea4c77dcbde362ba5e/ijson-3.5.1-cp314-cp314t-manylinux2014_aarch64.manylinux_2_17_aarch64.manylinux_2_28_aarch64.whl", hash = "sha256:882bc0bdd25d41eae90a15695cd50707edde0978b8b72a2532e30442dd8fd04c", size = 217956, upload-time = "2026-07-06T17:37:14.041Z" },
    { url = "https://files.pythonhosted.org/packages/1a/82/43e8d225aea5ee00eef7998c8ce41f344f7ba451329dfa9e92f4700813af/ijson-3.5.1-cp314-cp314t-manylinux2014_x86_64.manylinux_2_17_x86_64.manylinux_2_28_x86_64.whl", hash = "sha256:451901c36e12fa87cbb1cafe661bd25c08c6bd7900cc738279614f71cea07048", size = 208403, upload-time = "2026-07-06T17:37:15.201Z" },
    { url = "https://files.pythonhosted.org/packages/cf/6f/375f67fad76677aca9bc0817b2b18fdd231d309fe24e26b19a5556ef6cdd/ijson-3.5.1-cp314-cp314t-musllinux_1_2_aarch64.whl", hash = "sha256:e3c5f660658f2ebfba5d4dfe4bafe8cd3a0defcda410ec08d2205fe08c398940", size = 211967, upload-time = "2026-07-06T17:37:16.484Z" },
    { url = "https://files.pythonhosted.org/packages/dc/53/4c754c3ba18ec70b7086b91a4abd368358fc47cc9b3871afd50deef4fea1/ijson-3.5.1-cp314-cp314t-musllinux_1_2_i686.whl", hash = "sha256:29eb8f0c77a296a10843a1714ad4a5d561e604cda3c88585e9012cf2c1729b0a", size = 201020, upload-time = "2026-07-06T17:37:18.017Z" },
    { url = "https://files.pythonhosted.org/packages/26/2d/3e7191b3222a31c378b827565b4fa64676a293441279f84db3d971720bf5/ijson-3.5.1-cp314-cp314t-musllinux_1_2_x86_64.whl", hash = "sha256:85997568d6b304cfa59d5c3f2b04f95b92e9a8c7f57d312343a7989cf8dfff85", size = 205584, upload-time = "2026-07-06T17:37:19.343Z" },
    { url = "https://files.pythonhosted.org/packages/24/11/55ae9c915e68f37c8698f8b09355071dc808ced5e9d4abf8238dc363f500/ijson-3.5.1-cp314-cp314t-win32.whl", hash = "sha256:c2e2509dc7f2fa5a2ac9ba7d15dd901f4093bd36b0784f65e04b681b7956651c", size = 54438, upload-time = "2026-07-06T17:37:20.656Z" },
    { url = "https://files.pythonhosted.org/packages/96/df/5bf2656447f14a923d25a0401b1cd628ca05c23041d3a4c116ae8d44dc39/ijson-3.5.1-cp314-cp314t-win_amd64.whl", hash = "sha256:2699e838099d056818c5f8e4ba702b345d0304e58847bdc79c5c1616d5d750a5", size = 56467, upload-time = "2026-07-06T17:37:21.615Z" },
    { url = "https://files.pythonhosted.org/packages/4e/e4/dec06e84fac704039625039c6b116a44f17ad72fda48b8f88a2493364b77/ijson-3.5.1-cp314-cp314t-win_arm64.whl", hash = "sha256:c388f85cbb9eec022b2bdedd23ffacfe7ab100c1200b1f47bee6e6ea2c3309fa", size = 55774, upload-time = "2026-07-06T17:37:22.958Z" },
]

[[package]]
name = "iniconfig"
version = "2.3.0"
source = { registry = "https://pypi.org/simple" }
sdist = { url = "https://files.pythonhosted.org/packages/72/34/14ca021ce8e5dfedc35312d08ba8bf51fdd999c576889fc2c24cb97f4f10/iniconfig-2.3.0.tar.gz", hash = "sha256:c76315c77db068650d49c5b56314774a7804df16fee4402c1f19d6d15d8c4730", size = 20503, upload-time = "2025-10-18T21:55:43.219Z" }
wheels = [
    { url = "https://files.pythonhosted.org/packages/cb/b1/3846dd7f199d53cb17f49cba7e651e9ce294d8497c8c150530ed11865bb8/iniconfig-2.3.0-py3-none-any.whl", hash = "sha256:f631c04d2c48c52b84d0d0549c99ff3859c98df65b3101406327ecc7d53fbf12", size = 7484, upload-time = "2025-10-18T21:55:41.639Z" },
]

[[package]]
name = "neo4j"
version = "6.3.0"
source = { registry = "https://pypi.org/simple" }
dependencies = [
    { name = "pytz" },
]
sdist = { url = "https://files.pythonhosted.org/packages/9d/57/f939c3b9b28e5851095eafb823b5a996eea3f21a14be513bcf9b355f97da/neo4j-6.3.0.tar.gz", hash = "sha256:d0d3986c37ad174a549a39dfec6d22a00a061ebcb0267f1a5caf856589838e73", size = 242487, upload-time = "2026-08-28T10:25:04.743Z" }
wheels = [
    { url = "https://files.pythonhosted.org/packages/47/47/d29d93455fe2959e5b8383e52f68b3633d729f39e87fef94743f9f2240ae/neo4j-6.3.0-py3-none-any.whl", hash = "sha256:d243f9c8adf882ae7205a76eb2419b0a632d5f3c89383d4a0044d737a2223991", size = 331471, upload-time = "2026-08-28T10:25:03.263Z" },
]

[[package]]
name = "openpyxl"
version = "3.1.5"
source = { registry = "https://pypi.org/simple" }
dependencies = [
    { name = "et-xmlfile" },
]
sdist = { url = "https://files.pythonhosted.org/packages/3d/f9/88d94a75de065ea32619465d2f77b29a0469500e99012523b91cc4141cd1/openpyxl-3.1.5.tar.gz", hash = "sha256:cf0e3cf56142039133628b5acffe8ef0c12bc902d2aadd3e0fe5878dc08d1050", size = 186464, upload-time = "2024-06-28T14:03:44.161Z" }
wheels = [
    { url = "https://files.pythonhosted.org/packages/c0/da/977ded879c29cbd04de313843e76868e6e13408a94ed6b987245dc7c8506/openpyxl-3.1.5-py2.py3-none-any.whl", hash = "sha256:5282c12b107bffeef825f4617dc029afaf41d0ea60823bbb665ef3079dc79de2", size = 250910, upload-time = "2024-06-28T14:03:41.161Z" },
]

[[package]]
name = "packaging"
version = "26.3"
source = { registry = "https://pypi.org/simple" }
sdist = { url = "https://files.pythonhosted.org/packages/7d/fa/3944b40b07da9ce895c0e6303a5ab7d53da063554f534556b134a54d6093/packaging-26.3.tar.gz", hash = "sha256:94edc256424af38762eb31306eed28beb9f0efc50a8837492c9d6fd6004aed79", size = 313412, upload-time = "2026-08-04T18:15:28.737Z" }
wheels = [
    { url = "https://files.pythonhosted.org/packages/63/34/ba1c580383c9eada3711951fef0795c80b829a078d72188184bcab9dd527/packaging-26.3-py3-none-any.whl", hash = "sha256:d7193f7c8e4e93f444fde0262bf90af30e16fa0ad0ad44cb553c87339b23cd1c", size = 129956, upload-time = "2026-08-04T18:15:27.159Z" },
]

[[package]]
name = "pluggy"
version = "1.6.0"
source = { registry = "https://pypi.org/simple" }
sdist = { url = "https://files.pythonhosted.org/packages/f9/e2/3e91f31a7d2b083fe6ef3fa267035b518369d9511ffab804f839851d2779/pluggy-1.6.0.tar.gz", hash = "sha256:7dcc130b76258d33b90f61b658791dede3486c3e6bfb003ee5c9bfb396dd22f3", size = 69412, upload-time = "2025-05-15T12:30:07.975Z" }
wheels = [
    { url = "https://files.pythonhosted.org/packages/54/20/4d324d65cc6d9205fabedc306948156824eb9f0ee1633355a8f7ec5c66bf/pluggy-1.6.0-py3-none-any.whl", hash = "sha256:e920276dd6813095e9377c0bc5566d94c932c33b27a3e3945d8389c374dd4746", size = 20538, upload-time = "2025-05-15T12:30:06.134Z" },
]

[[package]]
name = "pyarrow"
version = "25.0.1"
source = { registry = "https://pypi.org/simple" }
sdist = { url = "https://files.pythonhosted.org/packages/3d/e3/27f57f80141379d60defe6703eb50a707325706f07fedfd1312c7a751995/pyarrow-25.0.1.tar.gz", hash = "sha256:9150a83248bfed9813ea3c3af74c3856c1984d444aa28e58bf7733b9750ddf6a", size = 1201653, upload-time = "2026-08-10T12:40:53.904Z" }
wheels = [
    { url = "https://files.pythonhosted.org/packages/36/4c/b525824ad3094076919273cd97db61fb3d78252dee76fa3b8dc8f76774aa/pyarrow-25.0.1-cp314-cp314-macosx_12_0_arm64.whl", hash = "sha256:bf0b672390cdcb640d7288f96b826d71ff4e9abb254a86c89890baf51a29cee6", size = 35885255, upload-time = "2026-08-10T12:39:32.366Z" },
    { url = "https://files.pythonhosted.org/packages/08/62/448bb0e940de41aec31d1a956e63ad9c54afdf122a103cc3ab20c2a3ce33/pyarrow-25.0.1-cp314-cp314-macosx_12_0_x86_64.whl", hash = "sha256:38a9a4b4b9613380e200641891495a56c3d5a98a092db4a870af9975e220471d", size = 37644461, upload-time = "2026-08-10T12:39:38.142Z" },
    { url = "https://files.pythonhosted.org/packages/6e/9a/13587e38bd4806fd218f50fd13b8903fab60588a699ff0c406372e5b4043/pyarrow-25.0.1-cp314-cp314-manylinux_2_28_aarch64.whl", hash = "sha256:0b726ad7e7b669be982b0c71c07fe4b037d654354130da79a7902a669e93a66b", size = 46877146, upload-time = "2026-08-10T12:39:43.722Z" },
    { url = "https://files.pythonhosted.org/packages/8d/61/1c5d1229fa21da4cff5365e41e57177aaac57c563c727f35419b8513d1c1/pyarrow-25.0.1-cp314-cp314-manylinux_2_28_x86_64.whl", hash = "sha256:9171748cdf796972d85a4b60157c279913e242992e350c90c7450182a9838b2a", size = 50131616, upload-time = "2026-08-10T12:39:49.304Z" },
    { url = "https://files.pythonhosted.org/packages/43/20/291e1d65cc0b09aa19f03cf25cf51a2f5fa94b5db315178f2d254ed5cad4/pyarrow-25.0.1-cp314-cp314-musllinux_1_2_aarch64.whl", hash = "sha256:b7a296aac7a71fa0886c08e155ddb6c636a50013f801f6178daafa0f9e726188", size = 50008879, upload-time = "2026-08-10T12:39:56.891Z" },
    { url = "https://files.pythonhosted.org/packages/8b/7c/1b7c9ec28e76576337e4f97b31141c9a181b89b6d1d6221e9d8205621a58/pyarrow-25.0.1-cp314-cp314-musllinux_1_2_x86_64.whl", hash = "sha256:0fe7c8b6c03969b49c8c66182e4a18e3819ab92d07cfab5d8370c531b9369ef0", size = 53170864, upload-time = "2026-08-10T12:40:04.918Z" },
    { url = "https://files.pythonhosted.org/packages/b7/75/f3d789dc06011a765d14d86bda799cf72ac1d715b6a6edecaa0d73d95062/pyarrow-25.0.1-cp314-cp314-win_amd64.whl", hash = "sha256:f729cfdbd36fd99d543b67a914d2de044c84ebe45be8b34902b299b608c15c8f", size = 28620729, upload-time = "2026-08-10T12:40:51.41Z" },
    { url = "https://files.pythonhosted.org/packages/fc/05/647a8ee6f7c2662feb6921315617bc04dcd6034763fb61b1199720bf6162/pyarrow-25.0.1-cp314-cp314t-macosx_12_0_arm64.whl", hash = "sha256:59a2de54c0cbd954da861eee4d1d330f8e909c45b53455baef696380f2c55033", size = 36130288, upload-time = "2026-08-10T12:40:11.014Z" },
    { url = "https://files.pythonhosted.org/packages/93/f8/c9ee997554d7bea94520667dd1933f109ac1da3ee3556d2b49381e023484/pyarrow-25.0.1-cp314-cp314t-macosx_12_0_x86_64.whl", hash = "sha256:35935cd5de130aa5cf4dea052a63e6bf2e17006c35c3a468194242b9b2bf5956", size = 37762187, upload-time = "2026-08-10T12:40:16.592Z" },
    { url = "https://files.pythonhosted.org/packages/a2/08/a28c01c7fe9e96e8233ce2d13df1d402f4f999f848f51d2daacd6bb4c036/pyarrow-25.0.1-cp314-cp314t-manylinux_2_28_aarch64.whl", hash = "sha256:f3831aaa25c67a99f99dc8b05873cb9d64560390372e2aa197ce9dd4a3f06a44", size = 46888003, upload-time = "2026-08-10T12:40:23.242Z" },
    { url = "https://files.pythonhosted.org/packages/1b/b9/58612e977d28dc58c878448866838369ee8da2f1e7cc8ed2c84b952aafee/pyarrow-25.0.1-cp314-cp314t-manylinux_2_28_x86_64.whl", hash = "sha256:6a1fdfc6659b6b19022f2e50627fb5cf7156a66c46bf4299379955cbe742382a", size = 50079036, upload-time = "2026-08-10T12:40:29.169Z" },
    { url = "https://files.pythonhosted.org/packages/72/13/66e1402dcc860e1dc2760b1e0292c9a569b62b3bccab69def1b3e907d006/pyarrow-25.0.1-cp314-cp314t-musllinux_1_2_aarch64.whl", hash = "sha256:169d3429d5be7c752125890620f75a60776d38b0035eddae939651640822332e", size = 50040226, upload-time = "2026-08-10T12:40:35.186Z" },
    { url = "https://files.pythonhosted.org/packages/78/10/3f1a5497a7ef732ab0f03ecca3e66d89d9c0f57fdc61b4794c456b781f01/pyarrow-25.0.1-cp314-cp314t-musllinux_1_2_x86_64.whl", hash = "sha256:119297a6dc197e45d9c6d4415f7814a67ffa36c180d26f68c154c58067ae782d", size = 53149035, upload-time = "2026-08-10T12:40:41.454Z" },
    { url = "https://files.pythonhosted.org/packages/93/c0/37d4a7e8e2f7a6076283673d5298018ca26478b934c6ee369e10505ab32c/pyarrow-25.0.1-cp314-cp314t-win_amd64.whl", hash = "sha256:4288f27577352d608ca08553b0865e4a9b3aa14820c5d95b53337218d609835b", size = 28753071, upload-time = "2026-08-10T12:40:46.623Z" },
]

[[package]]
name = "pygments"
version = "2.21.0"
source = { registry = "https://pypi.org/simple" }
sdist = { url = "https://files.pythonhosted.org/packages/49/2e/ced460408999b33da6b31b0021b0f37d329e202d4169aeb164493778f25b/pygments-2.21.0.tar.gz", hash = "sha256:610ca751c9bc2492b38eb9a38a7fbc93edbbb2d7182edaf34e66ae493dee5c8c", size = 5005329, upload-time = "2026-08-17T08:02:48.824Z" }
wheels = [
    { url = "https://files.pythonhosted.org/packages/71/46/17f022dd3e953bf20a04a028a21ec746d942f8d2af30fa0f124fa0e6a684/pygments-2.21.0-py3-none-any.whl", hash = "sha256:2363c69b61c4a97c838da3b130dcd6468f4848992b21a82f2a63ec34377137d9", size = 1250147, upload-time = "2026-08-17T08:02:44.912Z" },
]

[[package]]
name = "pytest"
version = "9.1.1"
source = { registry = "https://pypi.org/simple" }
dependencies = [
    { name = "colorama", marker = "sys_platform == 'win32'" },
    { name = "iniconfig" },
    { name = "packaging" },
    { name = "pluggy" },
    { name = "pygments" },
]
sdist = { url = "https://files.pythonhosted.org/packages/e4/47/b9efed96c114afcfa3c9d3fe98a76a1d14c74a9e266d397cf6eb64be5e01/pytest-9.1.1.tar.gz", hash = "sha256:1088fbde8f2b49d95a549a195707afa7a76a3ce9bcadc26b6d71f0ffda5fe313", size = 1636369, upload-time = "2026-06-19T10:58:32.857Z" }
wheels = [
    { url = "https://files.pythonhosted.org/packages/24/25/1de2678b631f5a49215c6c96fff41ba892b0a34df68d6d80292b1b48aa7f/pytest-9.1.1-py3-none-any.whl", hash = "sha256:37a86b45efb9a47a61a36449063e8e18d0cab3161329fc099eb21783169c4f0c", size = 386536, upload-time = "2026-06-19T10:58:31.347Z" },
]

[[package]]
name = "python-dotenv"
version = "1.2.3"
source = { registry = "https://pypi.org/simple" }
sdist = { url = "https://files.pythonhosted.org/packages/6a/53/ed9d74092561d4b01a2ef1349d52cdbc135e526c245f366b089cfca6de49/python_dotenv-1.2.3.tar.gz", hash = "sha256:a20a594dabeaa385725aa239d5244871c143ecb356add8a20fcf23773a6c3a35", size = 58945, upload-time = "2026-08-16T16:54:54.067Z" }
wheels = [
    { url = "https://files.pythonhosted.org/packages/0d/17/c5c6b53ddc18f297992099b3d9ec16c855c0ccc83263a21fe4d1c625ec6c/python_dotenv-1.2.3-py3-none-any.whl", hash = "sha256:904552145e8bfed22162c09dab1c2b9b54fefa7b23ba780f4f26ca0316b0f0d9", size = 22780, upload-time = "2026-08-16T16:54:52.473Z" },
]

[[package]]
name = "pytz"
version = "2026.3.post1"
source = { registry = "https://pypi.org/simple" }
sdist = { url = "https://files.pythonhosted.org/packages/fb/48/fb042503b6ca6cd271261dc559fd6432f7d8c713153e9ec5c591af4dfc1c/pytz-2026.3.post1.tar.gz", hash = "sha256:2211d3fcf9a797d3405cac96ac7f61d80e6a644f72a3309607282fe8a2010c5d", size = 319745, upload-time = "2026-07-25T15:12:07.385Z" }
wheels = [
    { url = "https://files.pythonhosted.org/packages/0f/7b/39c34ca613b0b198cb866466651b26b045e2009864c5183c979a3b83f383/pytz-2026.3.post1-py2.py3-none-any.whl", hash = "sha256:dd95840dd199baea12d9cc096a1d452caa6596a1c1e4b5f3dbd1541855d5e815", size = 508283, upload-time = "2026-07-25T15:12:05.782Z" },
]
